// !$*UTF8*$!
{
	archiveVersion = 1;
	classes = {
	};
	objectVersion = 56;
	objects = {

/* Begin PBXBuildFile section */
		29596D032B69E967007E33BC /* WizardofHomeApp.swift in Sources */ = {isa = PBXBuildFile; fileRef = 29596D022B69E967007E33BC /* WizardofHomeApp.swift */; };
		29596D052B69E967007E33BC /* ContentView.swift in Sources */ = {isa = PBXBuildFile; fileRef = 29596D042B69E967007E33BC /* ContentView.swift */; };
		29596D072B69E968007E33BC /* Assets.xcassets in Resources */ = {isa = PBXBuildFile; fileRef = 29596D062B69E968007E33BC /* Assets.xcassets */; };
		29596D0A2B69E968007E33BC /* Preview Assets.xcassets in Resources */ = {isa = PBXBuildFile; fileRef = 29596D092B69E968007E33BC /* Preview Assets.xcassets */; };
		29596D142B69E968007E33BC /* WizardofHomeTests.swift in Sources */ = {isa = PBXBuildFile; fileRef = 29596D132B69E968007E33BC /* WizardofHomeTests.swift */; };
		29596D1E2B69E968007E33BC /* WizardofHomeUITests.swift in Sources */ = {isa = PBXBuildFile; fileRef = 29596D1D2B69E968007E33BC /* WizardofHomeUITests.swift */; };
		29596D202B69E968007E33BC /* WizardofHomeUITestsLaunchTests.swift in Sources */ = {isa = PBXBuildFile; fileRef = 29596D1F2B69E968007E33BC /* WizardofHomeUITestsLaunchTests.swift */; };
		29596D2D2B69F5E7007E33BC /* ChatGPTClient.swift in Sources */ = {isa = PBXBuildFile; fileRef = 29596D2C2B69F5E7007E33BC /* ChatGPTClient.swift */; };
		29596D2F2B69F601007E33BC /* NetworkManager.swift in Sources */ = {isa = PBXBuildFile; fileRef = 29596D2E2B69F601007E33BC /* NetworkManager.swift */; };
/* End PBXBuildFile section */

/* Begin PBXContainerItemProxy section */
		29596D102B69E968007E33BC /* PBXContainerItemProxy */ = {
			isa = PBXContainerItemProxy;
			containerPortal = 29596CF72B69E967007E33BC /* Project object */;
			proxyType = 1;
			remoteGlobalIDString = 29596CFE2B69E967007E33BC;
			remoteInfo = WizardofHome;
		};
		29596D1A2B69E968007E33BC /* PBXContainerItemProxy */ = {
			isa = PBXContainerItemProxy;
			containerPortal = 29596CF72B69E967007E33BC /* Project object */;
			proxyType = 1;
			remoteGlobalIDString = 29596CFE2B69E967007E33BC;
			remoteInfo = WizardofHome;
		};
/* End PBXContainerItemProxy section */

/* Begin PBXFileReference section */
		29596CFF2B69E967007E33BC /* WizardofHome.app */ = {isa = PBXFileReference; explicitFileType = wrapper.application; includeInIndex = 0; path = WizardofHome.app; sourceTree = BUILT_PRODUCTS_DIR; };
		29596D022B69E967007E33BC /* WizardofHomeApp.swift */ = {isa = PBXFileReference; lastKnownFileType = sourcecode.swift; path = WizardofHomeApp.swift; sourceTree = "<group>"; };
		29596D042B69E967007E33BC /* ContentView.swift */ = {isa = PBXFileReference; lastKnownFileType = sourcecode.swift; path = ContentView.swift; sourceTree = "<group>"; };
		29596D062B69E968007E33BC /* Assets.xcassets */ = {isa = PBXFileReference; lastKnownFileType = folder.assetcatalog; path = Assets.xcassets; sourceTree = "<group>"; };
		29596D092B69E968007E33BC /* Preview Assets.xcassets */ = {isa = PBXFileReference; lastKnownFileType = folder.assetcatalog; path = "Preview Assets.xcassets"; sourceTree = "<group>"; };
		29596D0F2B69E968007E33BC /* WizardofHomeTests.xctest */ = {isa = PBXFileReference; explicitFileType = wrapper.cfbundle; includeInIndex = 0; path = WizardofHomeTests.xctest; sourceTree = BUILT_PRODUCTS_DIR; };
		29596D132B69E968007E33BC /* WizardofHomeTests.swift */ = {isa = PBXFileReference; lastKnownFileType = sourcecode.swift; path = WizardofHomeTests.swift; sourceTree = "<group>"; };
		29596D192B69E968007E33BC /* WizardofHomeUITests.xctest */ = {isa = PBXFileReference; explicitFileType = wrapper.cfbundle; includeInIndex = 0; path = WizardofHomeUITests.xctest; sourceTree = BUILT_PRODUCTS_DIR; };
		29596D1D2B69E968007E33BC /* WizardofHomeUITests.swift */ = {isa = PBXFileReference; lastKnownFileType = sourcecode.swift; path = WizardofHomeUITests.swift; sourceTree = "<group>"; };
		29596D1F2B69E968007E33BC /* WizardofHomeUITestsLaunchTests.swift */ = {isa = PBXFileReference; lastKnownFileType = sourcecode.swift; path = WizardofHomeUITestsLaunchTests.swift; sourceTree = "<group>"; };
		29596D2C2B69F5E7007E33BC /* ChatGPTClient.swift */ = {isa = PBXFileReference; lastKnownFileType = sourcecode.swift; path = ChatGPTClient.swift; sourceTree = "<group>"; };
		29596D2E2B69F601007E33BC /* NetworkManager.swift */ = {isa = PBXFileReference; lastKnownFileType = sourcecode.swift; path = NetworkManager.swift; sourceTree = "<group>"; };
/* End PBXFileReference section */

/* Begin PBXFrameworksBuildPhase section */
		29596CFC2B69E967007E33BC /* Frameworks */ = {
			isa = PBXFrameworksBuildPhase;
			buildActionMask = 2147483647;
			files = (
			);
			runOnlyForDeploymentPostprocessing = 0;
		};
		29596D0C2B69E968007E33BC /* Frameworks */ = {
			isa = PBXFrameworksBuildPhase;
			buildActionMask = 2147483647;
			files = (
			);
			runOnlyForDeploymentPostprocessing = 0;
		};
		29596D162B69E968007E33BC /* Frameworks */ = {
			isa = PBXFrameworksBuildPhase;
			buildActionMask = 2147483647;
			files = (
			);
			runOnlyForDeploymentPostprocessing = 0;
		};
/* End PBXFrameworksBuildPhase section */

/* Begin PBXGroup section */
		29596CF62B69E967007E33BC = {
			isa = PBXGroup;
			children = (
				29596D012B69E967007E33BC /* WizardofHome */,
				29596D122B69E968007E33BC /* WizardofHomeTests */,
				29596D1C2B69E968007E33BC /* WizardofHomeUITests */,
				29596D002B69E967007E33BC /* Products */,
			);
			sourceTree = "<group>";
		};
		29596D002B69E967007E33BC /* Products */ = {
			isa = PBXGroup;
			children = (
				29596CFF2B69E967007E33BC /* WizardofHome.app */,
				29596D0F2B69E968007E33BC /* WizardofHomeTests.xctest */,
				29596D192B69E968007E33BC /* WizardofHomeUITests.xctest */,
			);
			name = Products;
			sourceTree = "<group>";
		};
		29596D012B69E967007E33BC /* WizardofHome */ = {
			isa = PBXGroup;
			children = (
				29596D022B69E967007E33BC /* WizardofHomeApp.swift */,
				29596D042B69E967007E33BC /* ContentView.swift */,
				29596D2C2B69F5E7007E33BC /* ChatGPTClient.swift */,
				29596D2E2B69F601007E33BC /* NetworkManager.swift */,
				29596D062B69E968007E33BC /* Assets.xcassets */,
				29596D082B69E968007E33BC /* Preview Content */,
			);
			path = WizardofHome;
			sourceTree = "<group>";
		};
		29596D082B69E968007E33BC /* Preview Content */ = {
			isa = PBXGroup;
			children = (
				29596D092B69E968007E33BC /* Preview Assets.xcassets */,
			);
			path = "Preview Content";
			sourceTree = "<group>";
		};
		29596D122B69E968007E33BC /* WizardofHomeTests */ = {
			isa = PBXGroup;
			children = (
				29596D132B69E968007E33BC /* WizardofHomeTests.swift */,
			);
			path = WizardofHomeTests;
			sourceTree = "<group>";
		};
		29596D1C2B69E968007E33BC /* WizardofHomeUITests */ = {
			isa = PBXGroup;
			children = (
				29596D1D2B69E968007E33BC /* WizardofHomeUITests.swift */,
				29596D1F2B69E968007E33BC /* WizardofHomeUITestsLaunchTests.swift */,
			);
			path = WizardofHomeUITests;
			sourceTree = "<group>";
		};
/* End PBXGroup section */

/* Begin PBXNativeTarget section */
		29596CFE2B69E967007E33BC /* WizardofHome */ = {
			isa = PBXNativeTarget;
			buildConfigurationList = 29596D232B69E968007E33BC /* Build configuration list for PBXNativeTarget "WizardofHome" */;
			buildPhases = (
				29596CFB2B69E967007E33BC /* Sources */,
				29596CFC2B69E967007E33BC /* Frameworks */,
				29596CFD2B69E967007E33BC /* Resources */,
			);
			buildRules = (
			);
			dependencies = (
			);
			name = WizardofHome;
			productName = WizardofHome;
			productReference = 29596CFF2B69E967007E33BC /* WizardofHome.app */;
			productType = "com.apple.product-type.application";
		};
		29596D0E2B69E968007E33BC /* WizardofHomeTests */ = {
			isa = PBXNativeTarget;
			buildConfigurationList = 29596D262B69E968007E33BC /* Build configuration list for PBXNativeTarget "WizardofHomeTests" */;
			buildPhases = (
				29596D0B2B69E968007E33BC /* Sources */,
				29596D0C2B69E968007E33BC /* Frameworks */,
				29596D0D2B69E968007E33BC /* Resources */,
			);
			buildRules = (
			);
			dependencies = (
				29596D112B69E968007E33BC /* PBXTargetDependency */,
			);
			name = WizardofHomeTests;
			productName = WizardofHomeTests;
			productReference = 29596D0F2B69E968007E33BC /* WizardofHomeTests.xctest */;
			productType = "com.apple.product-type.bundle.unit-test";
		};
		29596D182B69E968007E33BC /* WizardofHomeUITests */ = {
			isa = PBXNativeTarget;
			buildConfigurationList = 29596D292B69E968007E33BC /* Build configuration list for PBXNativeTarget "WizardofHomeUITests" */;
			buildPhases = (
				29596D152B69E968007E33BC /* Sources */,
				29596D162B69E968007E33BC /* Frameworks */,
				29596D172B69E968007E33BC /* Resources */,
			);
			buildRules = (
			);
			dependencies = (
				29596D1B2B69E968007E33BC /* PBXTargetDependency */,
			);
			name = WizardofHomeUITests;
			productName = WizardofHomeUITests;
			productReference = 29596D192B69E968007E33BC /* WizardofHomeUITests.xctest */;
			productType = "com.apple.product-type.bundle.ui-testing";
		};
/* End PBXNativeTarget section */

/* Begin PBXProject section */
		29596CF72B69E967007E33BC /* Project object */ = {
			isa = PBXProject;
			attributes = {
				BuildIndependentTargetsInParallel = 1;
				LastSwiftUpdateCheck = 1510;
				LastUpgradeCheck = 1510;
				TargetAttributes = {
					29596CFE2B69E967007E33BC = {
						CreatedOnToolsVersion = 15.1;
					};
					29596D0E2B69E968007E33BC = {
						CreatedOnToolsVersion = 15.1;
						TestTargetID = 29596CFE2B69E967007E33BC;
					};
					29596D182B69E968007E33BC = {
						CreatedOnToolsVersion = 15.1;
						TestTargetID = 29596CFE2B69E967007E33BC;
					};
				};
			};
			buildConfigurationList = 29596CFA2B69E967007E33BC /* Build configuration list for PBXProject "WizardofHome" */;
			compatibilityVersion = "Xcode 14.0";
			developmentRegion = en;
			hasScannedForEncodings = 0;
			knownRegions = (
				en,
				Base,
			);
			mainGroup = 29596CF62B69E967007E33BC;
			productRefGroup = 29596D002B69E967007E33BC /* Products */;
			projectDirPath = "";
			projectRoot = "";
			targets = (
				29596CFE2B69E967007E33BC /* WizardofHome */,
				29596D0E2B69E968007E33BC /* WizardofHomeTests */,
				29596D182B69E968007E33BC /* WizardofHomeUITests */,
			);
		};
/* End PBXProject section */

/* Begin PBXResourcesBuildPhase section */
		29596CFD2B69E967007E33BC /* Resources */ = {
			isa = PBXResourcesBuildPhase;
			buildActionMask = 2147483647;
			files = (
				29596D0A2B69E968007E33BC /* Preview Assets.xcassets in Resources */,
				29596D072B69E968007E33BC /* Assets.xcassets in Resources */,
			);
			runOnlyForDeploymentPostprocessing = 0;
		};
		29596D0D2B69E968007E33BC /* Resources */ = {
			isa = PBXResourcesBuildPhase;
			buildActionMask = 2147483647;
			files = (
			);
			runOnlyForDeploymentPostprocessing = 0;
		};
		29596D172B69E968007E33BC /* Resources */ = {
			isa = PBXResourcesBuildPhase;
			buildActionMask = 2147483647;
			files = (
			);
			runOnlyForDeploymentPostprocessing = 0;
		};
/* End PBXResourcesBuildPhase section */

/* Begin PBXSourcesBuildPhase section */
		29596CFB2B69E967007E33BC /* Sources */ = {
			isa = PBXSourcesBuildPhase;
			buildActionMask = 2147483647;
			files = (
				29596D2F2B69F601007E33BC /* NetworkManager.swift in Sources */,
				29596D052B69E967007E33BC /* ContentView.swift in Sources */,
				29596D2D2B69F5E7007E33BC /* ChatGPTClient.swift in Sources */,
				29596D032B69E967007E33BC /* WizardofHomeApp.swift in Sources */,
			);
			runOnlyForDeploymentPostprocessing = 0;
		};
		29596D0B2B69E968007E33BC /* Sources */ = {
			isa = PBXSourcesBuildPhase;
			buildActionMask = 2147483647;
			files = (
				29596D142B69E968007E33BC /* WizardofHomeTests.swift in Sources */,
			);
			runOnlyForDeploymentPostprocessing = 0;
		};
		29596D152B69E968007E33BC /* Sources */ = {
			isa = PBXSourcesBuildPhase;
			buildActionMask = 2147483647;
			files = (
				29596D1E2B69E968007E33BC /* WizardofHomeUITests.swift in Sources */,
				29596D202B69E968007E33BC /* WizardofHomeUITestsLaunchTests.swift in Sources */,
			);
			runOnlyForDeploymentPostprocessing = 0;
		};
/* End PBXSourcesBuildPhase section */

/* Begin PBXTargetDependency section */
		29596D112B69E968007E33BC /* PBXTargetDependency */ = {
			isa = PBXTargetDependency;
			target = 29596CFE2B69E967007E33BC /* WizardofHome */;
			targetProxy = 29596D102B69E968007E33BC /* PBXContainerItemProxy */;
		};
		29596D1B2B69E968007E33BC /* PBXTargetDependency */ = {
			isa = PBXTargetDependency;
			target = 29596CFE2B69E967007E33BC /* WizardofHome */;
			targetProxy = 29596D1A2B69E968007E33BC /* PBXContainerItemProxy */;
		};
/* End PBXTargetDependency section */

/* Begin XCBuildConfiguration section */
		29596D212B69E968007E33BC /* Debug */ = {
			isa = XCBuildConfiguration;
			buildSettings = {
				ALWAYS_SEARCH_USER_PATHS = NO;
				ASSETCATALOG_COMPILER_GENERATE_SWIFT_ASSET_SYMBOL_EXTENSIONS = YES;
				CLANG_ANALYZER_NONNULL = YES;
				CLANG_ANALYZER_NUMBER_OBJECT_CONVERSION = YES_AGGRESSIVE;
				CLANG_CXX_LANGUAGE_STANDARD = "gnu++20";
				CLANG_ENABLE_MODULES = YES;
				CLANG_ENABLE_OBJC_ARC = YES;
				CLANG_ENABLE_OBJC_WEAK = YES;
				CLANG_WARN_BLOCK_CAPTURE_AUTORELEASING = YES;
				CLANG_WARN_BOOL_CONVERSION = YES;
				CLANG_WARN_COMMA = YES;
				CLANG_WARN_CONSTANT_CONVERSION = YES;
				CLANG_WARN_DEPRECATED_OBJC_IMPLEMENTATIONS = YES;
				CLANG_WARN_DIRECT_OBJC_ISA_USAGE = YES_ERROR;
				CLANG_WARN_DOCUMENTATION_COMMENTS = YES;
				CLANG_WARN_EMPTY_BODY = YES;
				CLANG_WARN_ENUM_CONVERSION = YES;
				CLANG_WARN_INFINITE_RECURSION = YES;
				CLANG_WARN_INT_CONVERSION = YES;
				CLANG_WARN_NON_LITERAL_NULL_CONVERSION = YES;
				CLANG_WARN_OBJC_IMPLICIT_RETAIN_SELF = YES;
				CLANG_WARN_OBJC_LITERAL_CONVERSION = YES;
				CLANG_WARN_OBJC_ROOT_CLASS = YES_ERROR;
				CLANG_WARN_QUOTED_INCLUDE_IN_FRAMEWORK_HEADER = YES;
				CLANG_WARN_RANGE_LOOP_ANALYSIS = YES;
				CLANG_WARN_STRICT_PROTOTYPES = YES;
				CLANG_WARN_SUSPICIOUS_MOVE = YES;
				CLANG_WARN_UNGUARDED_AVAILABILITY = YES_AGGRESSIVE;
				CLANG_WARN_UNREACHABLE_CODE = YES;
				CLANG_WARN__DUPLICATE_METHOD_MATCH = YES;
				COPY_PHASE_STRIP = NO;
				DEBUG_INFORMATION_FORMAT = dwarf;
				ENABLE_STRICT_OBJC_MSGSEND = YES;
				ENABLE_TESTABILITY = YES;
				ENABLE_USER_SCRIPT_SANDBOXING = YES;
				GCC_C_LANGUAGE_STANDARD = gnu17;
				GCC_DYNAMIC_NO_PIC = NO;
				GCC_NO_COMMON_BLOCKS = YES;
				GCC_OPTIMIZATION_LEVEL = 0;
				GCC_PREPROCESSOR_DEFINITIONS = (
					"DEBUG=1",
					"$(inherited)",
				);
				GCC_WARN_64_TO_32_BIT_CONVERSION = YES;
				GCC_WARN_ABOUT_RETURN_TYPE = YES_ERROR;
				GCC_WARN_UNDECLARED_SELECTOR = YES;
				GCC_WARN_UNINITIALIZED_AUTOS = YES_AGGRESSIVE;
				GCC_WARN_UNUSED_FUNCTION = YES;
				GCC_WARN_UNUSED_VARIABLE = YES;
				IPHONEOS_DEPLOYMENT_TARGET = 17.2;
				LOCALIZATION_PREFERS_STRING_CATALOGS = YES;
				MTL_ENABLE_DEBUG_INFO = INCLUDE_SOURCE;
				MTL_FAST_MATH = YES;
				ONLY_ACTIVE_ARCH = YES;
				SDKROOT = iphoneos;
				SWIFT_ACTIVE_COMPILATION_CONDITIONS = "DEBUG $(inherited)";
				SWIFT_OPTIMIZATION_LEVEL = "-Onone";
			};
			name = Debug;
		};
		29596D222B69E968007E33BC /* Release */ = {
			isa = XCBuildConfiguration;
			buildSettings = {
				ALWAYS_SEARCH_USER_PATHS = NO;
				ASSETCATALOG_COMPILER_GENERATE_SWIFT_ASSET_SYMBOL_EXTENSIONS = YES;
				CLANG_ANALYZER_NONNULL = YES;
				CLANG_ANALYZER_NUMBER_OBJECT_CONVERSION = YES_AGGRESSIVE;
				CLANG_CXX_LANGUAGE_STANDARD = "gnu++20";
				CLANG_ENABLE_MODULES = YES;
				CLANG_ENABLE_OBJC_ARC = YES;
				CLANG_ENABLE_OBJC_WEAK = YES;
				CLANG_WARN_BLOCK_CAPTURE_AUTORELEASING = YES;
				CLANG_WARN_BOOL_CONVERSION = YES;
				CLANG_WARN_COMMA = YES;
				CLANG_WARN_CONSTANT_CONVERSION = YES;
				CLANG_WARN_DEPRECATED_OBJC_IMPLEMENTATIONS = YES;
				CLANG_WARN_DIRECT_OBJC_ISA_USAGE = YES_ERROR;
				CLANG_WARN_DOCUMENTATION_COMMENTS = YES;
				CLANG_WARN_EMPTY_BODY = YES;
				CLANG_WARN_ENUM_CONVERSION = YES;
				CLANG_WARN_INFINITE_RECURSION = YES;
				CLANG_WARN_INT_CONVERSION = YES;
				CLANG_WARN_NON_LITERAL_NULL_CONVERSION = YES;
				CLANG_WARN_OBJC_IMPLICIT_RETAIN_SELF = YES;
				CLANG_WARN_OBJC_LITERAL_CONVERSION = YES;
				CLANG_WARN_OBJC_ROOT_CLASS = YES_ERROR;
				CLANG_WARN_QUOTED_INCLUDE_IN_FRAMEWORK_HEADER = YES;
				CLANG_WARN_RANGE_LOOP_ANALYSIS = YES;
				CLANG_WARN_STRICT_PROTOTYPES = YES;
				CLANG_WARN_SUSPICIOUS_MOVE = YES;
				CLANG_WARN_UNGUARDED_AVAILABILITY = YES_AGGRESSIVE;
				CLANG_WARN_UNREACHABLE_CODE = YES;
				CLANG_WARN__DUPLICATE_METHOD_MATCH = YES;
				COPY_PHASE_STRIP = NO;
				DEBUG_INFORMATION_FORMAT = "dwarf-with-dsym";
				ENABLE_NS_ASSERTIONS = NO;
				ENABLE_STRICT_OBJC_MSGSEND = YES;
				ENABLE_USER_SCRIPT_SANDBOXING = YES;
				GCC_C_LANGUAGE_STANDARD = gnu17;
				GCC_NO_COMMON_BLOCKS = YES;
				GCC_WARN_64_TO_32_BIT_CONVERSION = YES;
				GCC_WARN_ABOUT_RETURN_TYPE = YES_ERROR;
				GCC_WARN_UNDECLARED_SELECTOR = YES;
				GCC_WARN_UNINITIALIZED_AUTOS = YES_AGGRESSIVE;
				GCC_WARN_UNUSED_FUNCTION = YES;
				GCC_WARN_UNUSED_VARIABLE = YES;
				IPHONEOS_DEPLOYMENT_TARGET = 17.2;
				LOCALIZATION_PREFERS_STRING_CATALOGS = YES;
				MTL_ENABLE_DEBUG_INFO = NO;
				MTL_FAST_MATH = YES;
				SDKROOT = iphoneos;
				SWIFT_COMPILATION_MODE = wholemodule;
				VALIDATE_PRODUCT = YES;
			};
			name = Release;
		};
		29596D242B69E968007E33BC /* Debug */ = {
			isa = XCBuildConfiguration;
			buildSettings = {
				ASSETCATALOG_COMPILER_APPICON_NAME = AppIcon;
				ASSETCATALOG_COMPILER_GLOBAL_ACCENT_COLOR_NAME = AccentColor;
				CODE_SIGN_STYLE = Automatic;
				CURRENT_PROJECT_VERSION = 1;
				DEVELOPMENT_ASSET_PATHS = "\"WizardofHome/Preview Content\"";
				DEVELOPMENT_TEAM = 9S8T32LZD6;
				ENABLE_PREVIEWS = YES;
				GENERATE_INFOPLIST_FILE = YES;
				INFOPLIST_KEY_CFBundleDisplayName = WizardofThings;
				INFOPLIST_KEY_UIApplicationSceneManifest_Generation = YES;
				INFOPLIST_KEY_UIApplicationSupportsIndirectInputEvents = YES;
				INFOPLIST_KEY_UILaunchScreen_Generation = YES;
				INFOPLIST_KEY_UISupportedInterfaceOrientations_iPad = "UIInterfaceOrientationPortrait UIInterfaceOrientationPortraitUpsideDown UIInterfaceOrientationLandscapeLeft UIInterfaceOrientationLandscapeRight";
				INFOPLIST_KEY_UISupportedInterfaceOrientations_iPhone = "UIInterfaceOrientationPortrait UIInterfaceOrientationLandscapeLeft UIInterfaceOrientationLandscapeRight";
				LD_RUNPATH_SEARCH_PATHS = (
					"$(inherited)",
					"@executable_path/Frameworks",
				);
				MARKETING_VERSION = 1.0;
				PRODUCT_BUNDLE_IDENTIFIER = UC.WizardofHome;
				PRODUCT_NAME = "$(TARGET_NAME)";
				SWIFT_EMIT_LOC_STRINGS = YES;
				SWIFT_VERSION = 5.0;
				TARGETED_DEVICE_FAMILY = "1,2";
			};
			name = Debug;
		};
		29596D252B69E968007E33BC /* Release */ = {
			isa = XCBuildConfiguration;
			buildSettings = {
				ASSETCATALOG_COMPILER_APPICON_NAME = AppIcon;
				ASSETCATALOG_COMPILER_GLOBAL_ACCENT_COLOR_NAME = AccentColor;
				CODE_SIGN_STYLE = Automatic;
				CURRENT_PROJECT_VERSION = 1;
				DEVELOPMENT_ASSET_PATHS = "\"WizardofHome/Preview Content\"";
				DEVELOPMENT_TEAM = 9S8T32LZD6;
				ENABLE_PREVIEWS = YES;
				GENERATE_INFOPLIST_FILE = YES;
				INFOPLIST_KEY_CFBundleDisplayName = WizardofThings;
				INFOPLIST_KEY_UIApplicationSceneManifest_Generation = YES;
				INFOPLIST_KEY_UIApplicationSupportsIndirectInputEvents = YES;
				INFOPLIST_KEY_UILaunchScreen_Generation = YES;
				INFOPLIST_KEY_UISupportedInterfaceOrientations_iPad = "UIInterfaceOrientationPortrait UIInterfaceOrientationPortraitUpsideDown UIInterfaceOrientationLandscapeLeft UIInterfaceOrientationLandscapeRight";
				INFOPLIST_KEY_UISupportedInterfaceOrientations_iPhone = "UIInterfaceOrientationPortrait UIInterfaceOrientationLandscapeLeft UIInterfaceOrientationLandscapeRight";
				LD_RUNPATH_SEARCH_PATHS = (
					"$(inherited)",
					"@executable_path/Frameworks",
				);
				MARKETING_VERSION = 1.0;
				PRODUCT_BUNDLE_IDENTIFIER = UC.WizardofHome;
				PRODUCT_NAME = "$(TARGET_NAME)";
				SWIFT_EMIT_LOC_STRINGS = YES;
				SWIFT_VERSION = 5.0;
				TARGETED_DEVICE_FAMILY = "1,2";
			};
			name = Release;
		};
		29596D272B69E968007E33BC /* Debug */ = {
			isa = XCBuildConfiguration;
			buildSettings = {
				ALWAYS_EMBED_SWIFT_STANDARD_LIBRARIES = YES;
				BUNDLE_LOADER = "$(TEST_HOST)";
				CODE_SIGN_STYLE = Automatic;
				CURRENT_PROJECT_VERSION = 1;
				DEVELOPMENT_TEAM = 9S8T32LZD6;
				GENERATE_INFOPLIST_FILE = YES;
				IPHONEOS_DEPLOYMENT_TARGET = 17.2;
				MARKETING_VERSION = 1.0;
				PRODUCT_BUNDLE_IDENTIFIER = UC.WizardofHomeTests;
				PRODUCT_NAME = "$(TARGET_NAME)";
				SWIFT_EMIT_LOC_STRINGS = NO;
				SWIFT_VERSION = 5.0;
				TARGETED_DEVICE_FAMILY = "1,2";
				TEST_HOST = "$(BUILT_PRODUCTS_DIR)/WizardofHome.app/$(BUNDLE_EXECUTABLE_FOLDER_PATH)/WizardofHome";
			};
			name = Debug;
		};
		29596D282B69E968007E33BC /* Release */ = {
			isa = XCBuildConfiguration;
			buildSettings = {
				ALWAYS_EMBED_SWIFT_STANDARD_LIBRARIES = YES;
				BUNDLE_LOADER = "$(TEST_HOST)";
				CODE_SIGN_STYLE = Automatic;
				CURRENT_PROJECT_VERSION = 1;
				DEVELOPMENT_TEAM = 9S8T32LZD6;
				GENERATE_INFOPLIST_FILE = YES;
				IPHONEOS_DEPLOYMENT_TARGET = 17.2;
				MARKETING_VERSION = 1.0;
				PRODUCT_BUNDLE_IDENTIFIER = UC.WizardofHomeTests;
				PRODUCT_NAME = "$(TARGET_NAME)";
				SWIFT_EMIT_LOC_STRINGS = NO;
				SWIFT_VERSION = 5.0;
				TARGETED_DEVICE_FAMILY = "1,2";
				TEST_HOST = "$(BUILT_PRODUCTS_DIR)/WizardofHome.app/$(BUNDLE_EXECUTABLE_FOLDER_PATH)/WizardofHome";
			};
			name = Release;
		};
		29596D2A2B69E968007E33BC /* Debug */ = {
			isa = XCBuildConfiguration;
			buildSettings = {
				ALWAYS_EMBED_SWIFT_STANDARD_LIBRARIES = YES;
				CODE_SIGN_STYLE = Automatic;
				CURRENT_PROJECT_VERSION = 1;
				DEVELOPMENT_TEAM = 9S8T32LZD6;
				GENERATE_INFOPLIST_FILE = YES;
				MARKETING_VERSION = 1.0;
				PRODUCT_BUNDLE_IDENTIFIER = UC.WizardofHomeUITests;
				PRODUCT_NAME = "$(TARGET_NAME)";
				SWIFT_EMIT_LOC_STRINGS = NO;
				SWIFT_VERSION = 5.0;
				TARGETED_DEVICE_FAMILY = "1,2";
				TEST_TARGET_NAME = WizardofHome;
			};
			name = Debug;
		};
		29596D2B2B69E968007E33BC /* Release */ = {
			isa = XCBuildConfiguration;
			buildSettings = {
				ALWAYS_EMBED_SWIFT_STANDARD_LIBRARIES = YES;
				CODE_SIGN_STYLE = Automatic;
				CURRENT_PROJECT_VERSION = 1;
				DEVELOPMENT_TEAM = 9S8T32LZD6;
				GENERATE_INFOPLIST_FILE = YES;
				MARKETING_VERSION = 1.0;
				PRODUCT_BUNDLE_IDENTIFIER = UC.WizardofHomeUITests;
				PRODUCT_NAME = "$(TARGET_NAME)";
				SWIFT_EMIT_LOC_STRINGS = NO;
				SWIFT_VERSION = 5.0;
				TARGETED_DEVICE_FAMILY = "1,2";
				TEST_TARGET_NAME = WizardofHome;
			};
			name = Release;
		};
/* End XCBuildConfiguration section */

/* Begin XCConfigurationList section */
		29596CFA2B69E967007E33BC /* Build configuration list for PBXProject "WizardofHome" */ = {
			isa = XCConfigurationList;
			buildConfigurations = (
				29596D212B69E968007E33BC /* Debug */,
				29596D222B69E968007E33BC /* Release */,
			);
			defaultConfigurationIsVisible = 0;
			defaultConfigurationName = Release;
		};
		29596D232B69E968007E33BC /* Build configuration list for PBXNativeTarget "WizardofHome" */ = {
			isa = XCConfigurationList;
			buildConfigurations = (
				29596D242B69E968007E33BC /* Debug */,
				29596D252B69E968007E33BC /* Release */,
			);
			defaultConfigurationIsVisible = 0;
			defaultConfigurationName = Release;
		};
		29596D262B69E968007E33BC /* Build configuration list for PBXNativeTarget "WizardofHomeTests" */ = {
			isa = XCConfigurationList;
			buildConfigurations = (
				29596D272B69E968007E33BC /* Debug */,
				29596D282B69E968007E33BC /* Release */,
			);
			defaultConfigurationIsVisible = 0;
			defaultConfigurationName = Release;
		};
		29596D292B69E968007E33BC /* Build configuration list for PBXNativeTarget "WizardofHomeUITests" */ = {
			isa = XCConfigurationList;
			buildConfigurations = (
				29596D2A2B69E968007E33BC /* Debug */,
				29596D2B2B69E968007E33BC /* Release */,
			);
			defaultConfigurationIsVisible = 0;
			defaultConfigurationName = Release;
		};
/* End XCConfigurationList section */
	};
	rootObject = 29596CF72B69E967007E33BC /* Project object */;
}
